
Microsoft Visual Studio Solution File, Format Version 12.00
# Visual Studio Version 17
VisualStudioVersion = 17.3.32804.467
MinimumVisualStudioVersion = 10.0.40219.1
Project("{FAE04EC0-301F-11D3-BF4B-00C04F79EFBC}") = "Assignment5.3", "Assignment5.3\Assignment5.3.csproj", "{207FEAE0-02DE-4D53-B0E6-39093FAA5AC8}"
EndProject
Global
	GlobalSection(SolutionConfigurationPlatforms) = preSolution
		Debug|Any CPU = Debug|Any CPU
		Release|Any CPU = Release|Any CPU
	EndGlobalSection
	GlobalSection(ProjectConfigurationPlatforms) = postSolution
		{207FEAE0-02DE-4D53-B0E6-39093FAA5AC8}.Debug|Any CPU.ActiveCfg = Debug|Any CPU
		{207FEAE0-02DE-4D53-B0E6-39093FAA5AC8}.Debug|Any CPU.Build.0 = Debug|Any CPU
		{207FEAE0-02DE-4D53-B0E6-39093FAA5AC8}.Release|Any CPU.ActiveCfg = Release|Any CPU
		{207FEAE0-02DE-4D53-B0E6-39093FAA5AC8}.Release|Any CPU.Build.0 = Release|Any CPU
	EndGlobalSection
	GlobalSection(SolutionProperties) = preSolution
		HideSolutionNode = FALSE
	EndGlobalSection
	GlobalSection(ExtensibilityGlobals) = postSolution
		SolutionGuid = {265847B7-48E6-4993-83C9-00914ED6D61C}
	EndGlobalSection
EndGlobal
